// !$*UTF8*$!
{
	archiveVersion = 1;
	classes = {
	};
	objectVersion = 50;
	objects = {

/* Begin PBXBuildFile section */
		21896156259B519300773D5C /* AppDelegate.swift in Sources */ = {isa = PBXBuildFile; fileRef = 21896155259B519300773D5C /* AppDelegate.swift */; };
		21896158259B519300773D5C /* SceneDelegate.swift in Sources */ = {isa = PBXBuildFile; fileRef = 21896157259B519300773D5C /* SceneDelegate.swift */; };
		2189615A259B519300773D5C /* ViewController.swift in Sources */ = {isa = PBXBuildFile; fileRef = 21896159259B519300773D5C /* ViewController.swift */; };
		2189615D259B519300773D5C /* Main.storyboard in Resources */ = {isa = PBXBuildFile; fileRef = 2189615B259B519300773D5C /* Main.storyboard */; };
		2189615F259B519800773D5C /* Assets.xcassets in Resources */ = {isa = PBXBuildFile; fileRef = 2189615E259B519800773D5C /* Assets.xcassets */; };
		21896162259B519800773D5C /* LaunchScreen.storyboard in Resources */ = {isa = PBXBuildFile; fileRef = 21896160259B519800773D5C /* LaunchScreen.storyboard */; };
		2189616D259B519900773D5C /* Drag_DropCollectionViewCellTests.swift in Sources */ = {isa = PBXBuildFile; fileRef = 2189616C259B519900773D5C /* Drag_DropCollectionViewCellTests.swift */; };
		21896178259B519900773D5C /* Drag_DropCollectionViewCellUITests.swift in Sources */ = {isa = PBXBuildFile; fileRef = 21896177259B519900773D5C /* Drag_DropCollectionViewCellUITests.swift */; };
/* End PBXBuildFile section */

/* Begin PBXContainerItemProxy section */
		21896169259B519900773D5C /* PBXContainerItemProxy */ = {
			isa = PBXContainerItemProxy;
			containerPortal = 2189614A259B519300773D5C /* Project object */;
			proxyType = 1;
			remoteGlobalIDString = 21896151259B519300773D5C;
			remoteInfo = "Drag&DropCollectionViewCell";
		};
		21896174259B519900773D5C /* PBXContainerItemProxy */ = {
			isa = PBXContainerItemProxy;
			containerPortal = 2189614A259B519300773D5C /* Project object */;
			proxyType = 1;
			remoteGlobalIDString = 21896151259B519300773D5C;
			remoteInfo = "Drag&DropCollectionViewCell";
		};
/* End PBXContainerItemProxy section */

/* Begin PBXFileReference section */
		21896152259B519300773D5C /* Drag&DropCollectionViewCell.app */ = {isa = PBXFileReference; explicitFileType = wrapper.application; includeInIndex = 0; path = "Drag&DropCollectionViewCell.app"; sourceTree = BUILT_PRODUCTS_DIR; };
		21896155259B519300773D5C /* AppDelegate.swift */ = {isa = PBXFileReference; lastKnownFileType = sourcecode.swift; path = AppDelegate.swift; sourceTree = "<group>"; };
		21896157259B519300773D5C /* SceneDelegate.swift */ = {isa = PBXFileReference; lastKnownFileType = sourcecode.swift; path = SceneDelegate.swift; sourceTree = "<group>"; };
		21896159259B519300773D5C /* ViewController.swift */ = {isa = PBXFileReference; lastKnownFileType = sourcecode.swift; path = ViewController.swift; sourceTree = "<group>"; };
		2189615C259B519300773D5C /* Base */ = {isa = PBXFileReference; lastKnownFileType = file.storyboard; name = Base; path = Base.lproj/Main.storyboard; sourceTree = "<group>"; };
		2189615E259B519800773D5C /* Assets.xcassets */ = {isa = PBXFileReference; lastKnownFileType = folder.assetcatalog; path = Assets.xcassets; sourceTree = "<group>"; };
		21896161259B519800773D5C /* Base */ = {isa = PBXFileReference; lastKnownFileType = file.storyboard; name = Base; path = Base.lproj/LaunchScreen.storyboard; sourceTree = "<group>"; };
		21896163259B519800773D5C /* Info.plist */ = {isa = PBXFileReference; lastKnownFileType = text.plist.xml; path = Info.plist; sourceTree = "<group>"; };
		21896168259B519900773D5C /* Drag&DropCollectionViewCellTests.xctest */ = {isa = PBXFileReference; explicitFileType = wrapper.cfbundle; includeInIndex = 0; path = "Drag&DropCollectionViewCellTests.xctest"; sourceTree = BUILT_PRODUCTS_DIR; };
		2189616C259B519900773D5C /* Drag_DropCollectionViewCellTests.swift */ = {isa = PBXFileReference; lastKnownFileType = sourcecode.swift; path = Drag_DropCollectionViewCellTests.swift; sourceTree = "<group>"; };
		2189616E259B519900773D5C /* Info.plist */ = {isa = PBXFileReference; lastKnownFileType = text.plist.xml; path = Info.plist; sourceTree = "<group>"; };
		21896173259B519900773D5C /* Drag&DropCollectionViewCellUITests.xctest */ = {isa = PBXFileReference; explicitFileType = wrapper.cfbundle; includeInIndex = 0; path = "Drag&DropCollectionViewCellUITests.xctest"; sourceTree = BUILT_PRODUCTS_DIR; };
		21896177259B519900773D5C /* Drag_DropCollectionViewCellUITests.swift */ = {isa = PBXFileReference; lastKnownFileType = sourcecode.swift; path = Drag_DropCollectionViewCellUITests.swift; sourceTree = "<group>"; };
		21896179259B519900773D5C /* Info.plist */ = {isa = PBXFileReference; lastKnownFileType = text.plist.xml; path = Info.plist; sourceTree = "<group>"; };
/* End PBXFileReference section */

/* Begin PBXFrameworksBuildPhase section */
		2189614F259B519300773D5C /* Frameworks */ = {
			isa = PBXFrameworksBuildPhase;
			buildActionMask = 2147483647;
			files = (
			);
			runOnlyForDeploymentPostprocessing = 0;
		};
		21896165259B519900773D5C /* Frameworks */ = {
			isa = PBXFrameworksBuildPhase;
			buildActionMask = 2147483647;
			files = (
			);
			runOnlyForDeploymentPostprocessing = 0;
		};
		21896170259B519900773D5C /* Frameworks */ = {
			isa = PBXFrameworksBuildPhase;
			buildActionMask = 2147483647;
			files = (
			);
			runOnlyForDeploymentPostprocessing = 0;
		};
/* End PBXFrameworksBuildPhase section */

/* Begin PBXGroup section */
		21896149259B519300773D5C = {
			isa = PBXGroup;
			children = (
				21896154259B519300773D5C /* Drag&DropCollectionViewCell */,
				2189616B259B519900773D5C /* Drag&DropCollectionViewCellTests */,
				21896176259B519900773D5C /* Drag&DropCollectionViewCellUITests */,
				21896153259B519300773D5C /* Products */,
			);
			sourceTree = "<group>";
		};
		21896153259B519300773D5C /* Products */ = {
			isa = PBXGroup;
			children = (
				21896152259B519300773D5C /* Drag&DropCollectionViewCell.app */,
				21896168259B519900773D5C /* Drag&DropCollectionViewCellTests.xctest */,
				21896173259B519900773D5C /* Drag&DropCollectionViewCellUITests.xctest */,
			);
			name = Products;
			sourceTree = "<group>";
		};
		21896154259B519300773D5C /* Drag&DropCollectionViewCell */ = {
			isa = PBXGroup;
			children = (
				21896155259B519300773D5C /* AppDelegate.swift */,
				21896157259B519300773D5C /* SceneDelegate.swift */,
				21896159259B519300773D5C /* ViewController.swift */,
				2189615B259B519300773D5C /* Main.storyboard */,
				2189615E259B519800773D5C /* Assets.xcassets */,
				21896160259B519800773D5C /* LaunchScreen.storyboard */,
				21896163259B519800773D5C /* Info.plist */,
			);
			path = "Drag&DropCollectionViewCell";
			sourceTree = "<group>";
		};
		2189616B259B519900773D5C /* Drag&DropCollectionViewCellTests */ = {
			isa = PBXGroup;
			children = (
				2189616C259B519900773D5C /* Drag_DropCollectionViewCellTests.swift */,
				2189616E259B519900773D5C /* Info.plist */,
			);
			path = "Drag&DropCollectionViewCellTests";
			sourceTree = "<group>";
		};
		21896176259B519900773D5C /* Drag&DropCollectionViewCellUITests */ = {
			isa = PBXGroup;
			children = (
				21896177259B519900773D5C /* Drag_DropCollectionViewCellUITests.swift */,
				21896179259B519900773D5C /* Info.plist */,
			);
			path = "Drag&DropCollectionViewCellUITests";
			sourceTree = "<group>";
		};
/* End PBXGroup section */

/* Begin PBXNativeTarget section */
		21896151259B519300773D5C /* Drag&DropCollectionViewCell */ = {
			isa = PBXNativeTarget;
			buildConfigurationList = 2189617C259B519900773D5C /* Build configuration list for PBXNativeTarget "Drag&DropCollectionViewCell" */;
			buildPhases = (
				2189614E259B519300773D5C /* Sources */,
				2189614F259B519300773D5C /* Frameworks */,
				21896150259B519300773D5C /* Resources */,
			);
			buildRules = (
			);
			dependencies = (
			);
			name = "Drag&DropCollectionViewCell";
			productName = "Drag&DropCollectionViewCell";
			productReference = 21896152259B519300773D5C /* Drag&DropCollectionViewCell.app */;
			productType = "com.apple.product-type.application";
		};
		21896167259B519900773D5C /* Drag&DropCollectionViewCellTests */ = {
			isa = PBXNativeTarget;
			buildConfigurationList = 2189617F259B519900773D5C /* Build configuration list for PBXNativeTarget "Drag&DropCollectionViewCellTests" */;
			buildPhases = (
				21896164259B519900773D5C /* Sources */,
				21896165259B519900773D5C /* Frameworks */,
				21896166259B519900773D5C /* Resources */,
			);
			buildRules = (
			);
			dependencies = (
				2189616A259B519900773D5C /* PBXTargetDependency */,
			);
			name = "Drag&DropCollectionViewCellTests";
			productName = "Drag&DropCollectionViewCellTests";
			productReference = 21896168259B519900773D5C /* Drag&DropCollectionViewCellTests.xctest */;
			productType = "com.apple.product-type.bundle.unit-test";
		};
		21896172259B519900773D5C /* Drag&DropCollectionViewCellUITests */ = {
			isa = PBXNativeTarget;
			buildConfigurationList = 21896182259B519900773D5C /* Build configuration list for PBXNativeTarget "Drag&DropCollectionViewCellUITests" */;
			buildPhases = (
				2189616F259B519900773D5C /* Sources */,
				21896170259B519900773D5C /* Frameworks */,
				21896171259B519900773D5C /* Resources */,
			);
			buildRules = (
			);
			dependencies = (
				21896175259B519900773D5C /* PBXTargetDependency */,
			);
			name = "Drag&DropCollectionViewCellUITests";
			productName = "Drag&DropCollectionViewCellUITests";
			productReference = 21896173259B519900773D5C /* Drag&DropCollectionViewCellUITests.xctest */;
			productType = "com.apple.product-type.bundle.ui-testing";
		};
/* End PBXNativeTarget section */

/* Begin PBXProject section */
		2189614A259B519300773D5C /* Project object */ = {
			isa = PBXProject;
			attributes = {
				LastSwiftUpdateCheck = 1230;
				LastUpgradeCheck = 1230;
				TargetAttributes = {
					21896151259B519300773D5C = {
						CreatedOnToolsVersion = 12.3;
					};
					21896167259B519900773D5C = {
						CreatedOnToolsVersion = 12.3;
						TestTargetID = 21896151259B519300773D5C;
					};
					21896172259B519900773D5C = {
						CreatedOnToolsVersion = 12.3;
						TestTargetID = 21896151259B519300773D5C;
					};
				};
			};
			buildConfigurationList = 2189614D259B519300773D5C /* Build configuration list for PBXProject "Drag&DropCollectionViewCell" */;
			compatibilityVersion = "Xcode 9.3";
			developmentRegion = en;
			hasScannedForEncodings = 0;
			knownRegions = (
				en,
				Base,
			);
			mainGroup = 21896149259B519300773D5C;
			productRefGroup = 21896153259B519300773D5C /* Products */;
			projectDirPath = "";
			projectRoot = "";
			targets = (
				21896151259B519300773D5C /* Drag&DropCollectionViewCell */,
				21896167259B519900773D5C /* Drag&DropCollectionViewCellTests */,
				21896172259B519900773D5C /* Drag&DropCollectionViewCellUITests */,
			);
		};
/* End PBXProject section */

/* Begin PBXResourcesBuildPhase section */
		21896150259B519300773D5C /* Resources */ = {
			isa = PBXResourcesBuildPhase;
			buildActionMask = 2147483647;
			files = (
				21896162259B519800773D5C /* LaunchScreen.storyboard in Resources */,
				2189615F259B519800773D5C /* Assets.xcassets in Resources */,
				2189615D259B519300773D5C /* Main.storyboard in Resources */,
			);
			runOnlyForDeploymentPostprocessing = 0;
		};
		21896166259B519900773D5C /* Resources */ = {
			isa = PBXResourcesBuildPhase;
			buildActionMask = 2147483647;
			files = (
			);
			runOnlyForDeploymentPostprocessing = 0;
		};
		21896171259B519900773D5C /* Resources */ = {
			isa = PBXResourcesBuildPhase;
			buildActionMask = 2147483647;
			files = (
			);
			runOnlyForDeploymentPostprocessing = 0;
		};
/* End PBXResourcesBuildPhase section */

/* Begin PBXSourcesBuildPhase section */
		2189614E259B519300773D5C /* Sources */ = {
			isa = PBXSourcesBuildPhase;
			buildActionMask = 2147483647;
			files = (
				2189615A259B519300773D5C /* ViewController.swift in Sources */,
				21896156259B519300773D5C /* AppDelegate.swift in Sources */,
				21896158259B519300773D5C /* SceneDelegate.swift in Sources */,
			);
			runOnlyForDeploymentPostprocessing = 0;
		};
		21896164259B519900773D5C /* Sources */ = {
			isa = PBXSourcesBuildPhase;
			buildActionMask = 2147483647;
			files = (
				2189616D259B519900773D5C /* Drag_DropCollectionViewCellTests.swift in Sources */,
			);
			runOnlyForDeploymentPostprocessing = 0;
		};
		2189616F259B519900773D5C /* Sources */ = {
			isa = PBXSourcesBuildPhase;
			buildActionMask = 2147483647;
			files = (
				21896178259B519900773D5C /* Drag_DropCollectionViewCellUITests.swift in Sources */,
			);
			runOnlyForDeploymentPostprocessing = 0;
		};
/* End PBXSourcesBuildPhase section */

/* Begin PBXTargetDependency section */
		2189616A259B519900773D5C /* PBXTargetDependency */ = {
			isa = PBXTargetDependency;
			target = 21896151259B519300773D5C /* Drag&DropCollectionViewCell */;
			targetProxy = 21896169259B519900773D5C /* PBXContainerItemProxy */;
		};
		21896175259B519900773D5C /* PBXTargetDependency */ = {
			isa = PBXTargetDependency;
			target = 21896151259B519300773D5C /* Drag&DropCollectionViewCell */;
			targetProxy = 21896174259B519900773D5C /* PBXContainerItemProxy */;
		};
/* End PBXTargetDependency section */

/* Begin PBXVariantGroup section */
		2189615B259B519300773D5C /* Main.storyboard */ = {
			isa = PBXVariantGroup;
			children = (
				2189615C259B519300773D5C /* Base */,
			);
			name = Main.storyboard;
			sourceTree = "<group>";
		};
		21896160259B519800773D5C /* LaunchScreen.storyboard */ = {
			isa = PBXVariantGroup;
			children = (
				21896161259B519800773D5C /* Base */,
			);
			name = LaunchScreen.storyboard;
			sourceTree = "<group>";
		};
/* End PBXVariantGroup section */

/* Begin XCBuildConfiguration section */
		2189617A259B519900773D5C /* Debug */ = {
			isa = XCBuildConfiguration;
			buildSettings = {
				ALWAYS_SEARCH_USER_PATHS = NO;
				CLANG_ANALYZER_NONNULL = YES;
				CLANG_ANALYZER_NUMBER_OBJECT_CONVERSION = YES_AGGRESSIVE;
				CLANG_CXX_LANGUAGE_STANDARD = "gnu++14";
				CLANG_CXX_LIBRARY = "libc++";
				CLANG_ENABLE_MODULES = YES;
				CLANG_ENABLE_OBJC_ARC = YES;
				CLANG_ENABLE_OBJC_WEAK = YES;
				CLANG_WARN_BLOCK_CAPTURE_AUTORELEASING = YES;
				CLANG_WARN_BOOL_CONVERSION = YES;
				CLANG_WARN_COMMA = YES;
				CLANG_WARN_CONSTANT_CONVERSION = YES;
				CLANG_WARN_DEPRECATED_OBJC_IMPLEMENTATIONS = YES;
				CLANG_WARN_DIRECT_OBJC_ISA_USAGE = YES_ERROR;
				CLANG_WARN_DOCUMENTATION_COMMENTS = YES;
				CLANG_WARN_EMPTY_BODY = YES;
				CLANG_WARN_ENUM_CONVERSION = YES;
				CLANG_WARN_INFINITE_RECURSION = YES;
				CLANG_WARN_INT_CONVERSION = YES;
				CLANG_WARN_NON_LITERAL_NULL_CONVERSION = YES;
				CLANG_WARN_OBJC_IMPLICIT_RETAIN_SELF = YES;
				CLANG_WARN_OBJC_LITERAL_CONVERSION = YES;
				CLANG_WARN_OBJC_ROOT_CLASS = YES_ERROR;
				CLANG_WARN_QUOTED_INCLUDE_IN_FRAMEWORK_HEADER = YES;
				CLANG_WARN_RANGE_LOOP_ANALYSIS = YES;
				CLANG_WARN_STRICT_PROTOTYPES = YES;
				CLANG_WARN_SUSPICIOUS_MOVE = YES;
				CLANG_WARN_UNGUARDED_AVAILABILITY = YES_AGGRESSIVE;
				CLANG_WARN_UNREACHABLE_CODE = YES;
				CLANG_WARN__DUPLICATE_METHOD_MATCH = YES;
				COPY_PHASE_STRIP = NO;
				DEBUG_INFORMATION_FORMAT = dwarf;
				ENABLE_STRICT_OBJC_MSGSEND = YES;
				ENABLE_TESTABILITY = YES;
				GCC_C_LANGUAGE_STANDARD = gnu11;
				GCC_DYNAMIC_NO_PIC = NO;
				GCC_NO_COMMON_BLOCKS = YES;
				GCC_OPTIMIZATION_LEVEL = 0;
				GCC_PREPROCESSOR_DEFINITIONS = (
					"DEBUG=1",
					"$(inherited)",
				);
				GCC_WARN_64_TO_32_BIT_CONVERSION = YES;
				GCC_WARN_ABOUT_RETURN_TYPE = YES_ERROR;
				GCC_WARN_UNDECLARED_SELECTOR = YES;
				GCC_WARN_UNINITIALIZED_AUTOS = YES_AGGRESSIVE;
				GCC_WARN_UNUSED_FUNCTION = YES;
				GCC_WARN_UNUSED_VARIABLE = YES;
				IPHONEOS_DEPLOYMENT_TARGET = 14.3;
				MTL_ENABLE_DEBUG_INFO = INCLUDE_SOURCE;
				MTL_FAST_MATH = YES;
				ONLY_ACTIVE_ARCH = YES;
				SDKROOT = iphoneos;
				SWIFT_ACTIVE_COMPILATION_CONDITIONS = DEBUG;
				SWIFT_OPTIMIZATION_LEVEL = "-Onone";
			};
			name = Debug;
		};
		2189617B259B519900773D5C /* Release */ = {
			isa = XCBuildConfiguration;
			buildSettings = {
				ALWAYS_SEARCH_USER_PATHS = NO;
				CLANG_ANALYZER_NONNULL = YES;
				CLANG_ANALYZER_NUMBER_OBJECT_CONVERSION = YES_AGGRESSIVE;
				CLANG_CXX_LANGUAGE_STANDARD = "gnu++14";
				CLANG_CXX_LIBRARY = "libc++";
				CLANG_ENABLE_MODULES = YES;
				CLANG_ENABLE_OBJC_ARC = YES;
				CLANG_ENABLE_OBJC_WEAK = YES;
				CLANG_WARN_BLOCK_CAPTURE_AUTORELEASING = YES;
				CLANG_WARN_BOOL_CONVERSION = YES;
				CLANG_WARN_COMMA = YES;
				CLANG_WARN_CONSTANT_CONVERSION = YES;
				CLANG_WARN_DEPRECATED_OBJC_IMPLEMENTATIONS = YES;
				CLANG_WARN_DIRECT_OBJC_ISA_USAGE = YES_ERROR;
				CLANG_WARN_DOCUMENTATION_COMMENTS = YES;
				CLANG_WARN_EMPTY_BODY = YES;
				CLANG_WARN_ENUM_CONVERSION = YES;
				CLANG_WARN_INFINITE_RECURSION = YES;
				CLANG_WARN_INT_CONVERSION = YES;
				CLANG_WARN_NON_LITERAL_NULL_CONVERSION = YES;
				CLANG_WARN_OBJC_IMPLICIT_RETAIN_SELF = YES;
				CLANG_WARN_OBJC_LITERAL_CONVERSION = YES;
				CLANG_WARN_OBJC_ROOT_CLASS = YES_ERROR;
				CLANG_WARN_QUOTED_INCLUDE_IN_FRAMEWORK_HEADER = YES;
				CLANG_WARN_RANGE_LOOP_ANALYSIS = YES;
				CLANG_WARN_STRICT_PROTOTYPES = YES;
				CLANG_WARN_SUSPICIOUS_MOVE = YES;
				CLANG_WARN_UNGUARDED_AVAILABILITY = YES_AGGRESSIVE;
				CLANG_WARN_UNREACHABLE_CODE = YES;
				CLANG_WARN__DUPLICATE_METHOD_MATCH = YES;
				COPY_PHASE_STRIP = NO;
				DEBUG_INFORMATION_FORMAT = "dwarf-with-dsym";
				ENABLE_NS_ASSERTIONS = NO;
				ENABLE_STRICT_OBJC_MSGSEND = YES;
				GCC_C_LANGUAGE_STANDARD = gnu11;
				GCC_NO_COMMON_BLOCKS = YES;
				GCC_WARN_64_TO_32_BIT_CONVERSION = YES;
				GCC_WARN_ABOUT_RETURN_TYPE = YES_ERROR;
				GCC_WARN_UNDECLARED_SELECTOR = YES;
				GCC_WARN_UNINITIALIZED_AUTOS = YES_AGGRESSIVE;
				GCC_WARN_UNUSED_FUNCTION = YES;
				GCC_WARN_UNUSED_VARIABLE = YES;
				IPHONEOS_DEPLOYMENT_TARGET = 14.3;
				MTL_ENABLE_DEBUG_INFO = NO;
				MTL_FAST_MATH = YES;
				SDKROOT = iphoneos;
				SWIFT_COMPILATION_MODE = wholemodule;
				SWIFT_OPTIMIZATION_LEVEL = "-O";
				VALIDATE_PRODUCT = YES;
			};
			name = Release;
		};
		2189617D259B519900773D5C /* Debug */ = {
			isa = XCBuildConfiguration;
			buildSettings = {
				ASSETCATALOG_COMPILER_APPICON_NAME = AppIcon;
				ASSETCATALOG_COMPILER_GLOBAL_ACCENT_COLOR_NAME = AccentColor;
				CODE_SIGN_STYLE = Automatic;
				DEVELOPMENT_TEAM = GL92UNQ3FG;
				INFOPLIST_FILE = "Drag&DropCollectionViewCell/Info.plist";
				LD_RUNPATH_SEARCH_PATHS = (
					"$(inherited)",
					"@executable_path/Frameworks",
				);
				PRODUCT_BUNDLE_IDENTIFIER = "JANTEL-CORP.Drag-DropCollectionViewCell";
				PRODUCT_NAME = "$(TARGET_NAME)";
				SWIFT_VERSION = 5.0;
				TARGETED_DEVICE_FAMILY = "1,2";
			};
			name = Debug;
		};
		2189617E259B519900773D5C /* Release */ = {
			isa = XCBuildConfiguration;
			buildSettings = {
				ASSETCATALOG_COMPILER_APPICON_NAME = AppIcon;
				ASSETCATALOG_COMPILER_GLOBAL_ACCENT_COLOR_NAME = AccentColor;
				CODE_SIGN_STYLE = Automatic;
				DEVELOPMENT_TEAM = GL92UNQ3FG;
				INFOPLIST_FILE = "Drag&DropCollectionViewCell/Info.plist";
				LD_RUNPATH_SEARCH_PATHS = (
					"$(inherited)",
					"@executable_path/Frameworks",
				);
				PRODUCT_BUNDLE_IDENTIFIER = "JANTEL-CORP.Drag-DropCollectionViewCell";
				PRODUCT_NAME = "$(TARGET_NAME)";
				SWIFT_VERSION = 5.0;
				TARGETED_DEVICE_FAMILY = "1,2";
			};
			name = Release;
		};
		21896180259B519900773D5C /* Debug */ = {
			isa = XCBuildConfiguration;
			buildSettings = {
				ALWAYS_EMBED_SWIFT_STANDARD_LIBRARIES = YES;
				BUNDLE_LOADER = "$(TEST_HOST)";
				CODE_SIGN_STYLE = Automatic;
				DEVELOPMENT_TEAM = GL92UNQ3FG;
				INFOPLIST_FILE = "Drag&DropCollectionViewCellTests/Info.plist";
				IPHONEOS_DEPLOYMENT_TARGET = 14.3;
				LD_RUNPATH_SEARCH_PATHS = (
					"$(inherited)",
					"@executable_path/Frameworks",
					"@loader_path/Frameworks",
				);
				PRODUCT_BUNDLE_IDENTIFIER = "JANTEL-CORP.Drag-DropCollectionViewCellTests";
				PRODUCT_NAME = "$(TARGET_NAME)";
				SWIFT_VERSION = 5.0;
				TARGETED_DEVICE_FAMILY = "1,2";
				TEST_HOST = "$(BUILT_PRODUCTS_DIR)/Drag&DropCollectionViewCell.app/Drag&DropCollectionViewCell";
			};
			name = Debug;
		};
		21896181259B519900773D5C /* Release */ = {
			isa = XCBuildConfiguration;
			buildSettings = {
				ALWAYS_EMBED_SWIFT_STANDARD_LIBRARIES = YES;
				BUNDLE_LOADER = "$(TEST_HOST)";
				CODE_SIGN_STYLE = Automatic;
				DEVELOPMENT_TEAM = GL92UNQ3FG;
				INFOPLIST_FILE = "Drag&DropCollectionViewCellTests/Info.plist";
				IPHONEOS_DEPLOYMENT_TARGET = 14.3;
				LD_RUNPATH_SEARCH_PATHS = (
					"$(inherited)",
					"@executable_path/Frameworks",
					"@loader_path/Frameworks",
				);
				PRODUCT_BUNDLE_IDENTIFIER = "JANTEL-CORP.Drag-DropCollectionViewCellTests";
				PRODUCT_NAME = "$(TARGET_NAME)";
				SWIFT_VERSION = 5.0;
				TARGETED_DEVICE_FAMILY = "1,2";
				TEST_HOST = "$(BUILT_PRODUCTS_DIR)/Drag&DropCollectionViewCell.app/Drag&DropCollectionViewCell";
			};
			name = Release;
		};
		21896183259B519900773D5C /* Debug */ = {
			isa = XCBuildConfiguration;
			buildSettings = {
				ALWAYS_EMBED_SWIFT_STANDARD_LIBRARIES = YES;
				CODE_SIGN_STYLE = Automatic;
				DEVELOPMENT_TEAM = GL92UNQ3FG;
				INFOPLIST_FILE = "Drag&DropCollectionViewCellUITests/Info.plist";
				LD_RUNPATH_SEARCH_PATHS = (
					"$(inherited)",
					"@executable_path/Frameworks",
					"@loader_path/Frameworks",
				);
				PRODUCT_BUNDLE_IDENTIFIER = "JANTEL-CORP.Drag-DropCollectionViewCellUITests";
				PRODUCT_NAME = "$(TARGET_NAME)";
				SWIFT_VERSION = 5.0;
				TARGETED_DEVICE_FAMILY = "1,2";
				TEST_TARGET_NAME = "Drag&DropCollectionViewCell";
			};
			name = Debug;
		};
		21896184259B519900773D5C /* Release */ = {
			isa = XCBuildConfiguration;
			buildSettings = {
				ALWAYS_EMBED_SWIFT_STANDARD_LIBRARIES = YES;
				CODE_SIGN_STYLE = Automatic;
				DEVELOPMENT_TEAM = GL92UNQ3FG;
				INFOPLIST_FILE = "Drag&DropCollectionViewCellUITests/Info.plist";
				LD_RUNPATH_SEARCH_PATHS = (
					"$(inherited)",
					"@executable_path/Frameworks",
					"@loader_path/Frameworks",
				);
				PRODUCT_BUNDLE_IDENTIFIER = "JANTEL-CORP.Drag-DropCollectionViewCellUITests";
				PRODUCT_NAME = "$(TARGET_NAME)";
				SWIFT_VERSION = 5.0;
				TARGETED_DEVICE_FAMILY = "1,2";
				TEST_TARGET_NAME = "Drag&DropCollectionViewCell";
			};
			name = Release;
		};
/* End XCBuildConfiguration section */

/* Begin XCConfigurationList section */
		2189614D259B519300773D5C /* Build configuration list for PBXProject "Drag&DropCollectionViewCell" */ = {
			isa = XCConfigurationList;
			buildConfigurations = (
				2189617A259B519900773D5C /* Debug */,
				2189617B259B519900773D5C /* Release */,
			);
			defaultConfigurationIsVisible = 0;
			defaultConfigurationName = Release;
		};
		2189617C259B519900773D5C /* Build configuration list for PBXNativeTarget "Drag&DropCollectionViewCell" */ = {
			isa = XCConfigurationList;
			buildConfigurations = (
				2189617D259B519900773D5C /* Debug */,
				2189617E259B519900773D5C /* Release */,
			);
			defaultConfigurationIsVisible = 0;
			defaultConfigurationName = Release;
		};
		2189617F259B519900773D5C /* Build configuration list for PBXNativeTarget "Drag&DropCollectionViewCellTests" */ = {
			isa = XCConfigurationList;
			buildConfigurations = (
				21896180259B519900773D5C /* Debug */,
				21896181259B519900773D5C /* Release */,
			);
			defaultConfigurationIsVisible = 0;
			defaultConfigurationName = Release;
		};
		21896182259B519900773D5C /* Build configuration list for PBXNativeTarget "Drag&DropCollectionViewCellUITests" */ = {
			isa = XCConfigurationList;
			buildConfigurations = (
				21896183259B519900773D5C /* Debug */,
				21896184259B519900773D5C /* Release */,
			);
			defaultConfigurationIsVisible = 0;
			defaultConfigurationName = Release;
		};
/* End XCConfigurationList section */
	};
	rootObject = 2189614A259B519300773D5C /* Project object */;
}
